Microsoft Visual Studio Solution File, Format Version 12.00
# Visual Studio 15
VisualStudioVersion = 15.0.26510.0
MinimumVisualStudioVersion = 10.0.40219.1
Project("{2150E333-8FDC-42A3-9474-1A3956D46DE8}") = "src", "src", "{529A7AD9-F0D7-43D9-8370-3CE657500969}"
EndProject
Project("{FAE04EC0-301F-11D3-BF4B-00C04F79EFBC}") = "ILspect.Mac", "src\ILspect.Mac\ILspect.Mac.csproj", "{4B362D44-E296-441A-9966-C8BCE32A9C25}"
EndProject
Project("{9A19103F-16F7-4668-BE54-9A1E7A4F7556}") = "ILspect.Core", "src\ILspect.Core\ILspect.Core.csproj", "{034ABAA9-1FAC-4576-85C4-D70286E293CF}"
EndProject
Project("{9A19103F-16F7-4668-BE54-9A1E7A4F7556}") = "ILspect.CommandLine", "src\ILspect.CommandLine\ILspect.CommandLine.csproj", "{7345A352-F7D5-430D-8101-4E8BAF1476D0}"
EndProject
Project("{2150E333-8FDC-42A3-9474-1A3956D46DE8}") = "test", "test", "{E7B7CA0F-D14C-46CB-A20A-53BCD4CE1A0D}"
EndProject
Project("{9A19103F-16F7-4668-BE54-9A1E7A4F7556}") = "ILspect.TestLibrary", "test\ILspect.TestLibrary\ILspect.TestLibrary.csproj", "{4990A3B7-6B04-4590-B762-A972B8BC13A4}"
EndProject
Project("{2150E333-8FDC-42A3-9474-1A3956D46DE8}") = "Solution Items", "Solution Items", "{1BB6FFA1-7132-4A81-85FD-996A1EB43BCB}"
	ProjectSection(SolutionItems) = preProject
		ilspect.ps1 = ilspect.ps1
	EndProjectSection
EndProject
Global
	GlobalSection(SolutionConfigurationPlatforms) = preSolution
		Debug|Any CPU = Debug|Any CPU
		Debug|x64 = Debug|x64
		Debug|x86 = Debug|x86
		Release|Any CPU = Release|Any CPU
		Release|x64 = Release|x64
		Release|x86 = Release|x86
	EndGlobalSection
	GlobalSection(ProjectConfigurationPlatforms) = postSolution
		{4B362D44-E296-441A-9966-C8BCE32A9C25}.Debug|Any CPU.ActiveCfg = Debug|x86
		{4B362D44-E296-441A-9966-C8BCE32A9C25}.Debug|Any CPU.Build.0 = Debug|x86
		{4B362D44-E296-441A-9966-C8BCE32A9C25}.Debug|x64.ActiveCfg = Debug|x86
		{4B362D44-E296-441A-9966-C8BCE32A9C25}.Debug|x64.Build.0 = Debug|x86
		{4B362D44-E296-441A-9966-C8BCE32A9C25}.Debug|x86.ActiveCfg = Debug|x86
		{4B362D44-E296-441A-9966-C8BCE32A9C25}.Debug|x86.Build.0 = Debug|x86
		{4B362D44-E296-441A-9966-C8BCE32A9C25}.Release|Any CPU.ActiveCfg = Release|x86
		{4B362D44-E296-441A-9966-C8BCE32A9C25}.Release|Any CPU.Build.0 = Release|x86
		{4B362D44-E296-441A-9966-C8BCE32A9C25}.Release|x64.ActiveCfg = Release|x86
		{4B362D44-E296-441A-9966-C8BCE32A9C25}.Release|x64.Build.0 = Release|x86
		{4B362D44-E296-441A-9966-C8BCE32A9C25}.Release|x86.ActiveCfg = Release|x86
		{4B362D44-E296-441A-9966-C8BCE32A9C25}.Release|x86.Build.0 = Release|x86
		{034ABAA9-1FAC-4576-85C4-D70286E293CF}.Debug|Any CPU.ActiveCfg = Debug|Any CPU
		{034ABAA9-1FAC-4576-85C4-D70286E293CF}.Debug|Any CPU.Build.0 = Debug|Any CPU
		{034ABAA9-1FAC-4576-85C4-D70286E293CF}.Debug|x64.ActiveCfg = Debug|Any CPU
		{034ABAA9-1FAC-4576-85C4-D70286E293CF}.Debug|x64.Build.0 = Debug|Any CPU
		{034ABAA9-1FAC-4576-85C4-D70286E293CF}.Debug|x86.ActiveCfg = Debug|Any CPU
		{034ABAA9-1FAC-4576-85C4-D70286E293CF}.Debug|x86.Build.0 = Debug|Any CPU
		{034ABAA9-1FAC-4576-85C4-D70286E293CF}.Release|Any CPU.ActiveCfg = Release|Any CPU
		{034ABAA9-1FAC-4576-85C4-D70286E293CF}.Release|Any CPU.Build.0 = Release|Any CPU
		{034ABAA9-1FAC-4576-85C4-D70286E293CF}.Release|x64.ActiveCfg = Release|Any CPU
		{034ABAA9-1FAC-4576-85C4-D70286E293CF}.Release|x64.Build.0 = Release|Any CPU
		{034ABAA9-1FAC-4576-85C4-D70286E293CF}.Release|x86.ActiveCfg = Release|Any CPU
		{034ABAA9-1FAC-4576-85C4-D70286E293CF}.Release|x86.Build.0 = Release|Any CPU
		{7345A352-F7D5-430D-8101-4E8BAF1476D0}.Debug|Any CPU.ActiveCfg = Debug|Any CPU
		{7345A352-F7D5-430D-8101-4E8BAF1476D0}.Debug|Any CPU.Build.0 = Debug|Any CPU
		{7345A352-F7D5-430D-8101-4E8BAF1476D0}.Debug|x64.ActiveCfg = Debug|Any CPU
		{7345A352-F7D5-430D-8101-4E8BAF1476D0}.Debug|x64.Build.0 = Debug|Any CPU
		{7345A352-F7D5-430D-8101-4E8BAF1476D0}.Debug|x86.ActiveCfg = Debug|Any CPU
		{7345A352-F7D5-430D-8101-4E8BAF1476D0}.Debug|x86.Build.0 = Debug|Any CPU
		{7345A352-F7D5-430D-8101-4E8BAF1476D0}.Release|Any CPU.ActiveCfg = Release|Any CPU
		{7345A352-F7D5-430D-8101-4E8BAF1476D0}.Release|Any CPU.Build.0 = Release|Any CPU
		{7345A352-F7D5-430D-8101-4E8BAF1476D0}.Release|x64.ActiveCfg = Release|Any CPU
		{7345A352-F7D5-430D-8101-4E8BAF1476D0}.Release|x64.Build.0 = Release|Any CPU
		{7345A352-F7D5-430D-8101-4E8BAF1476D0}.Release|x86.ActiveCfg = Release|Any CPU
		{7345A352-F7D5-430D-8101-4E8BAF1476D0}.Release|x86.Build.0 = Release|Any CPU
		{4990A3B7-6B04-4590-B762-A972B8BC13A4}.Debug|Any CPU.ActiveCfg = Debug|Any CPU
		{4990A3B7-6B04-4590-B762-A972B8BC13A4}.Debug|Any CPU.Build.0 = Debug|Any CPU
		{4990A3B7-6B04-4590-B762-A972B8BC13A4}.Debug|x64.ActiveCfg = Debug|Any CPU
		{4990A3B7-6B04-4590-B762-A972B8BC13A4}.Debug|x64.Build.0 = Debug|Any CPU
		{4990A3B7-6B04-4590-B762-A972B8BC13A4}.Debug|x86.ActiveCfg = Debug|Any CPU
		{4990A3B7-6B04-4590-B762-A972B8BC13A4}.Debug|x86.Build.0 = Debug|Any CPU
		{4990A3B7-6B04-4590-B762-A972B8BC13A4}.Release|Any CPU.ActiveCfg = Release|Any CPU
		{4990A3B7-6B04-4590-B762-A972B8BC13A4}.Release|Any CPU.Build.0 = Release|Any CPU
		{4990A3B7-6B04-4590-B762-A972B8BC13A4}.Release|x64.ActiveCfg = Release|Any CPU
		{4990A3B7-6B04-4590-B762-A972B8BC13A4}.Release|x64.Build.0 = Release|Any CPU
		{4990A3B7-6B04-4590-B762-A972B8BC13A4}.Release|x86.ActiveCfg = Release|Any CPU
		{4990A3B7-6B04-4590-B762-A972B8BC13A4}.Release|x86.Build.0 = Release|Any CPU
	EndGlobalSection
	GlobalSection(SolutionProperties) = preSolution
		HideSolutionNode = FALSE
	EndGlobalSection
	GlobalSection(NestedProjects) = preSolution
		{4B362D44-E296-441A-9966-C8BCE32A9C25} = {529A7AD9-F0D7-43D9-8370-3CE657500969}
		{034ABAA9-1FAC-4576-85C4-D70286E293CF} = {529A7AD9-F0D7-43D9-8370-3CE657500969}
		{7345A352-F7D5-430D-8101-4E8BAF1476D0} = {529A7AD9-F0D7-43D9-8370-3CE657500969}
		{4990A3B7-6B04-4590-B762-A972B8BC13A4} = {E7B7CA0F-D14C-46CB-A20A-53BCD4CE1A0D}
	EndGlobalSection
EndGlobal
