
Microsoft Visual Studio Solution File, Format Version 12.00
# Visual Studio 15
VisualStudioVersion = 15.0.26124.0
MinimumVisualStudioVersion = 15.0.26124.0
Project("{2150E333-8FDC-42A3-9474-1A3956D46DE8}") = "vendor", "vendor", "{9CFB4D29-577B-4034-8F3D-9249E10A4CA1}"
EndProject
Project("{2150E333-8FDC-42A3-9474-1A3956D46DE8}") = "ilspy-vscode", "ilspy-vscode", "{89DECF2E-441E-4931-B903-B937B4567CAC}"
EndProject
Project("{2150E333-8FDC-42A3-9474-1A3956D46DE8}") = "backend", "backend", "{283AA7B3-4A2A-4498-9B96-27C792F5D2CC}"
EndProject
Project("{2150E333-8FDC-42A3-9474-1A3956D46DE8}") = "src", "src", "{75F54F50-A417-42CD-849F-7E8B3BA2461C}"
EndProject
Project("{FAE04EC0-301F-11D3-BF4B-00C04F79EFBC}") = "ILSpy.Host", "vendor\ilspy-vscode\backend\src\ILSpy.Host\ILSpy.Host.csproj", "{DAB1C56F-FA12-47C7-8CE3-28A5148CA7F9}"
EndProject
Project("{2150E333-8FDC-42A3-9474-1A3956D46DE8}") = "omnisharp-roslyn", "omnisharp-roslyn", "{9315CE7A-47AD-4D26-B59D-D67504C793CD}"
EndProject
Project("{2150E333-8FDC-42A3-9474-1A3956D46DE8}") = "src", "src", "{9171EEAA-472E-4034-B2AC-C5D35387B0A6}"
EndProject
Project("{FAE04EC0-301F-11D3-BF4B-00C04F79EFBC}") = "OmniSharp.Stdio", "vendor\ilspy-vscode\omnisharp-roslyn\src\OmniSharp.Stdio\OmniSharp.Stdio.csproj", "{57CAA7A4-1E99-430A-8C06-C1372D78DC49}"
EndProject
Project("{FAE04EC0-301F-11D3-BF4B-00C04F79EFBC}") = "OmniSharp.Abstractions", "vendor\ilspy-vscode\omnisharp-roslyn\src\OmniSharp.Abstractions\OmniSharp.Abstractions.csproj", "{A8B35D20-6C06-4FC5-B2B2-A2B90134AB2D}"
EndProject
Global
	GlobalSection(SolutionConfigurationPlatforms) = preSolution
		Debug|Any CPU = Debug|Any CPU
		Debug|x64 = Debug|x64
		Debug|x86 = Debug|x86
		Release|Any CPU = Release|Any CPU
		Release|x64 = Release|x64
		Release|x86 = Release|x86
	EndGlobalSection
	GlobalSection(SolutionProperties) = preSolution
		HideSolutionNode = FALSE
	EndGlobalSection
	GlobalSection(ProjectConfigurationPlatforms) = postSolution
		{DAB1C56F-FA12-47C7-8CE3-28A5148CA7F9}.Debug|Any CPU.ActiveCfg = Debug|Any CPU
		{DAB1C56F-FA12-47C7-8CE3-28A5148CA7F9}.Debug|Any CPU.Build.0 = Debug|Any CPU
		{DAB1C56F-FA12-47C7-8CE3-28A5148CA7F9}.Debug|x64.ActiveCfg = Debug|Any CPU
		{DAB1C56F-FA12-47C7-8CE3-28A5148CA7F9}.Debug|x64.Build.0 = Debug|Any CPU
		{DAB1C56F-FA12-47C7-8CE3-28A5148CA7F9}.Debug|x86.ActiveCfg = Debug|Any CPU
		{DAB1C56F-FA12-47C7-8CE3-28A5148CA7F9}.Debug|x86.Build.0 = Debug|Any CPU
		{DAB1C56F-FA12-47C7-8CE3-28A5148CA7F9}.Release|Any CPU.ActiveCfg = Release|Any CPU
		{DAB1C56F-FA12-47C7-8CE3-28A5148CA7F9}.Release|Any CPU.Build.0 = Release|Any CPU
		{DAB1C56F-FA12-47C7-8CE3-28A5148CA7F9}.Release|x64.ActiveCfg = Release|Any CPU
		{DAB1C56F-FA12-47C7-8CE3-28A5148CA7F9}.Release|x64.Build.0 = Release|Any CPU
		{DAB1C56F-FA12-47C7-8CE3-28A5148CA7F9}.Release|x86.ActiveCfg = Release|Any CPU
		{DAB1C56F-FA12-47C7-8CE3-28A5148CA7F9}.Release|x86.Build.0 = Release|Any CPU
		{57CAA7A4-1E99-430A-8C06-C1372D78DC49}.Debug|Any CPU.ActiveCfg = Debug|Any CPU
		{57CAA7A4-1E99-430A-8C06-C1372D78DC49}.Debug|Any CPU.Build.0 = Debug|Any CPU
		{57CAA7A4-1E99-430A-8C06-C1372D78DC49}.Debug|x64.ActiveCfg = Debug|Any CPU
		{57CAA7A4-1E99-430A-8C06-C1372D78DC49}.Debug|x64.Build.0 = Debug|Any CPU
		{57CAA7A4-1E99-430A-8C06-C1372D78DC49}.Debug|x86.ActiveCfg = Debug|Any CPU
		{57CAA7A4-1E99-430A-8C06-C1372D78DC49}.Debug|x86.Build.0 = Debug|Any CPU
		{57CAA7A4-1E99-430A-8C06-C1372D78DC49}.Release|Any CPU.ActiveCfg = Release|Any CPU
		{57CAA7A4-1E99-430A-8C06-C1372D78DC49}.Release|Any CPU.Build.0 = Release|Any CPU
		{57CAA7A4-1E99-430A-8C06-C1372D78DC49}.Release|x64.ActiveCfg = Release|Any CPU
		{57CAA7A4-1E99-430A-8C06-C1372D78DC49}.Release|x64.Build.0 = Release|Any CPU
		{57CAA7A4-1E99-430A-8C06-C1372D78DC49}.Release|x86.ActiveCfg = Release|Any CPU
		{57CAA7A4-1E99-430A-8C06-C1372D78DC49}.Release|x86.Build.0 = Release|Any CPU
		{A8B35D20-6C06-4FC5-B2B2-A2B90134AB2D}.Debug|Any CPU.ActiveCfg = Debug|Any CPU
		{A8B35D20-6C06-4FC5-B2B2-A2B90134AB2D}.Debug|Any CPU.Build.0 = Debug|Any CPU
		{A8B35D20-6C06-4FC5-B2B2-A2B90134AB2D}.Debug|x64.ActiveCfg = Debug|Any CPU
		{A8B35D20-6C06-4FC5-B2B2-A2B90134AB2D}.Debug|x64.Build.0 = Debug|Any CPU
		{A8B35D20-6C06-4FC5-B2B2-A2B90134AB2D}.Debug|x86.ActiveCfg = Debug|Any CPU
		{A8B35D20-6C06-4FC5-B2B2-A2B90134AB2D}.Debug|x86.Build.0 = Debug|Any CPU
		{A8B35D20-6C06-4FC5-B2B2-A2B90134AB2D}.Release|Any CPU.ActiveCfg = Release|Any CPU
		{A8B35D20-6C06-4FC5-B2B2-A2B90134AB2D}.Release|Any CPU.Build.0 = Release|Any CPU
		{A8B35D20-6C06-4FC5-B2B2-A2B90134AB2D}.Release|x64.ActiveCfg = Release|Any CPU
		{A8B35D20-6C06-4FC5-B2B2-A2B90134AB2D}.Release|x64.Build.0 = Release|Any CPU
		{A8B35D20-6C06-4FC5-B2B2-A2B90134AB2D}.Release|x86.ActiveCfg = Release|Any CPU
		{A8B35D20-6C06-4FC5-B2B2-A2B90134AB2D}.Release|x86.Build.0 = Release|Any CPU
	EndGlobalSection
	GlobalSection(NestedProjects) = preSolution
		{89DECF2E-441E-4931-B903-B937B4567CAC} = {9CFB4D29-577B-4034-8F3D-9249E10A4CA1}
		{283AA7B3-4A2A-4498-9B96-27C792F5D2CC} = {89DECF2E-441E-4931-B903-B937B4567CAC}
		{75F54F50-A417-42CD-849F-7E8B3BA2461C} = {283AA7B3-4A2A-4498-9B96-27C792F5D2CC}
		{DAB1C56F-FA12-47C7-8CE3-28A5148CA7F9} = {75F54F50-A417-42CD-849F-7E8B3BA2461C}
		{9315CE7A-47AD-4D26-B59D-D67504C793CD} = {89DECF2E-441E-4931-B903-B937B4567CAC}
		{9171EEAA-472E-4034-B2AC-C5D35387B0A6} = {9315CE7A-47AD-4D26-B59D-D67504C793CD}
		{57CAA7A4-1E99-430A-8C06-C1372D78DC49} = {9171EEAA-472E-4034-B2AC-C5D35387B0A6}
		{A8B35D20-6C06-4FC5-B2B2-A2B90134AB2D} = {9171EEAA-472E-4034-B2AC-C5D35387B0A6}
	EndGlobalSection
EndGlobal
